
Microsoft Visual Studio Solution File, Format Version 12.00
# Visual Studio Version 17
VisualStudioVersion = 17.2.32516.85
MinimumVisualStudioVersion = 10.0.40219.1
Project("{2150E333-8FDC-42A3-9474-1A3956D46DE8}") = "src", "src", "{3EA41AA6-31C7-4AF0-AC38-998CFD2C5172}"
EndProject
Project("{9A19103F-16F7-4668-BE54-9A1E7A4F7556}") = "Diablo.Domain", "Diablo.Domain\Diablo.Domain.csproj", "{4C290B7E-55E7-46FF-B801-7741C00EFC1B}"
EndProject
Project("{9A19103F-16F7-4668-BE54-9A1E7A4F7556}") = "Diablo.Data", "Diablo.Data\Diablo.Data.csproj", "{91917A76-0396-4AE0-A7AA-DFEEF6E7A9B8}"
EndProject
Project("{2150E333-8FDC-42A3-9474-1A3956D46DE8}") = "tests", "tests", "{D998BC87-42B2-457F-9AFF-D4EAD8BA26AF}"
EndProject
Project("{9A19103F-16F7-4668-BE54-9A1E7A4F7556}") = "Diablo.API.Tests", "Diablo.API.Tests\Diablo.API.Tests.csproj", "{F918DC6E-0332-450E-833E-FB62E6601873}"
EndProject
Project("{9A19103F-16F7-4668-BE54-9A1E7A4F7556}") = "Diablo.Data.Tests", "Diablo.Data.Tests\Diablo.Data.Tests.csproj", "{FA232B3F-D815-4C5A-BA6D-CF903EE62F49}"
EndProject
Project("{9A19103F-16F7-4668-BE54-9A1E7A4F7556}") = "Diablo.Domain.Tests", "Diablo.Domain.Tests\Diablo.Domain.Tests.csproj", "{E7904DDD-A79F-4A77-BCD6-0B3C1DD509E3}"
EndProject
Project("{9A19103F-16F7-4668-BE54-9A1E7A4F7556}") = "Diablo.ConsoleUI", "Diablo.ConsoleUI\Diablo.ConsoleUI.csproj", "{F889C89F-63A7-49B8-8A13-E565F0533513}"
EndProject
Project("{9A19103F-16F7-4668-BE54-9A1E7A4F7556}") = "Diablo.API", "Diablo.API\Diablo.API.csproj", "{F79179EF-96C5-49D7-85AF-A0C840C4CFBF}"
EndProject
Project("{9A19103F-16F7-4668-BE54-9A1E7A4F7556}") = "Diablo.ConsoleUI.Tests", "Diablo.ConsoleUI.Tests\Diablo.ConsoleUI.Tests.csproj", "{1226D2C5-5083-42F3-8DB0-BADF3D746E4A}"
EndProject
Project("{9A19103F-16F7-4668-BE54-9A1E7A4F7556}") = "Diablo.Services", "Diablo.Services\Diablo.Services.csproj", "{5F02DF59-6DE7-4F29-8F1C-345C255078CD}"
EndProject
Global
	GlobalSection(SolutionConfigurationPlatforms) = preSolution
		Debug|Any CPU = Debug|Any CPU
		Release|Any CPU = Release|Any CPU
	EndGlobalSection
	GlobalSection(ProjectConfigurationPlatforms) = postSolution
		{4C290B7E-55E7-46FF-B801-7741C00EFC1B}.Debug|Any CPU.ActiveCfg = Debug|Any CPU
		{4C290B7E-55E7-46FF-B801-7741C00EFC1B}.Debug|Any CPU.Build.0 = Debug|Any CPU
		{4C290B7E-55E7-46FF-B801-7741C00EFC1B}.Release|Any CPU.ActiveCfg = Release|Any CPU
		{4C290B7E-55E7-46FF-B801-7741C00EFC1B}.Release|Any CPU.Build.0 = Release|Any CPU
		{91917A76-0396-4AE0-A7AA-DFEEF6E7A9B8}.Debug|Any CPU.ActiveCfg = Debug|Any CPU
		{91917A76-0396-4AE0-A7AA-DFEEF6E7A9B8}.Debug|Any CPU.Build.0 = Debug|Any CPU
		{91917A76-0396-4AE0-A7AA-DFEEF6E7A9B8}.Release|Any CPU.ActiveCfg = Release|Any CPU
		{91917A76-0396-4AE0-A7AA-DFEEF6E7A9B8}.Release|Any CPU.Build.0 = Release|Any CPU
		{F918DC6E-0332-450E-833E-FB62E6601873}.Debug|Any CPU.ActiveCfg = Debug|Any CPU
		{F918DC6E-0332-450E-833E-FB62E6601873}.Debug|Any CPU.Build.0 = Debug|Any CPU
		{F918DC6E-0332-450E-833E-FB62E6601873}.Release|Any CPU.ActiveCfg = Release|Any CPU
		{F918DC6E-0332-450E-833E-FB62E6601873}.Release|Any CPU.Build.0 = Release|Any CPU
		{FA232B3F-D815-4C5A-BA6D-CF903EE62F49}.Debug|Any CPU.ActiveCfg = Debug|Any CPU
		{FA232B3F-D815-4C5A-BA6D-CF903EE62F49}.Debug|Any CPU.Build.0 = Debug|Any CPU
		{FA232B3F-D815-4C5A-BA6D-CF903EE62F49}.Release|Any CPU.ActiveCfg = Release|Any CPU
		{FA232B3F-D815-4C5A-BA6D-CF903EE62F49}.Release|Any CPU.Build.0 = Release|Any CPU
		{E7904DDD-A79F-4A77-BCD6-0B3C1DD509E3}.Debug|Any CPU.ActiveCfg = Debug|Any CPU
		{E7904DDD-A79F-4A77-BCD6-0B3C1DD509E3}.Debug|Any CPU.Build.0 = Debug|Any CPU
		{E7904DDD-A79F-4A77-BCD6-0B3C1DD509E3}.Release|Any CPU.ActiveCfg = Release|Any CPU
		{E7904DDD-A79F-4A77-BCD6-0B3C1DD509E3}.Release|Any CPU.Build.0 = Release|Any CPU
		{F889C89F-63A7-49B8-8A13-E565F0533513}.Debug|Any CPU.ActiveCfg = Debug|Any CPU
		{F889C89F-63A7-49B8-8A13-E565F0533513}.Debug|Any CPU.Build.0 = Debug|Any CPU
		{F889C89F-63A7-49B8-8A13-E565F0533513}.Release|Any CPU.ActiveCfg = Release|Any CPU
		{F889C89F-63A7-49B8-8A13-E565F0533513}.Release|Any CPU.Build.0 = Release|Any CPU
		{F79179EF-96C5-49D7-85AF-A0C840C4CFBF}.Debug|Any CPU.ActiveCfg = Debug|Any CPU
		{F79179EF-96C5-49D7-85AF-A0C840C4CFBF}.Debug|Any CPU.Build.0 = Debug|Any CPU
		{F79179EF-96C5-49D7-85AF-A0C840C4CFBF}.Release|Any CPU.ActiveCfg = Release|Any CPU
		{F79179EF-96C5-49D7-85AF-A0C840C4CFBF}.Release|Any CPU.Build.0 = Release|Any CPU
		{1226D2C5-5083-42F3-8DB0-BADF3D746E4A}.Debug|Any CPU.ActiveCfg = Debug|Any CPU
		{1226D2C5-5083-42F3-8DB0-BADF3D746E4A}.Debug|Any CPU.Build.0 = Debug|Any CPU
		{1226D2C5-5083-42F3-8DB0-BADF3D746E4A}.Release|Any CPU.ActiveCfg = Release|Any CPU
		{1226D2C5-5083-42F3-8DB0-BADF3D746E4A}.Release|Any CPU.Build.0 = Release|Any CPU
		{5F02DF59-6DE7-4F29-8F1C-345C255078CD}.Debug|Any CPU.ActiveCfg = Debug|Any CPU
		{5F02DF59-6DE7-4F29-8F1C-345C255078CD}.Debug|Any CPU.Build.0 = Debug|Any CPU
		{5F02DF59-6DE7-4F29-8F1C-345C255078CD}.Release|Any CPU.ActiveCfg = Release|Any CPU
		{5F02DF59-6DE7-4F29-8F1C-345C255078CD}.Release|Any CPU.Build.0 = Release|Any CPU
	EndGlobalSection
	GlobalSection(SolutionProperties) = preSolution
		HideSolutionNode = FALSE
	EndGlobalSection
	GlobalSection(NestedProjects) = preSolution
		{4C290B7E-55E7-46FF-B801-7741C00EFC1B} = {3EA41AA6-31C7-4AF0-AC38-998CFD2C5172}
		{91917A76-0396-4AE0-A7AA-DFEEF6E7A9B8} = {3EA41AA6-31C7-4AF0-AC38-998CFD2C5172}
		{F918DC6E-0332-450E-833E-FB62E6601873} = {D998BC87-42B2-457F-9AFF-D4EAD8BA26AF}
		{FA232B3F-D815-4C5A-BA6D-CF903EE62F49} = {D998BC87-42B2-457F-9AFF-D4EAD8BA26AF}
		{E7904DDD-A79F-4A77-BCD6-0B3C1DD509E3} = {D998BC87-42B2-457F-9AFF-D4EAD8BA26AF}
		{F889C89F-63A7-49B8-8A13-E565F0533513} = {3EA41AA6-31C7-4AF0-AC38-998CFD2C5172}
		{F79179EF-96C5-49D7-85AF-A0C840C4CFBF} = {3EA41AA6-31C7-4AF0-AC38-998CFD2C5172}
		{1226D2C5-5083-42F3-8DB0-BADF3D746E4A} = {D998BC87-42B2-457F-9AFF-D4EAD8BA26AF}
		{5F02DF59-6DE7-4F29-8F1C-345C255078CD} = {3EA41AA6-31C7-4AF0-AC38-998CFD2C5172}
	EndGlobalSection
	GlobalSection(ExtensibilityGlobals) = postSolution
		SolutionGuid = {26C4661A-E1DF-4951-8971-B8552E8E6EA0}
	EndGlobalSection
EndGlobal
